
Microsoft Visual Studio Solution File, Format Version 12.00
# Visual Studio Version 16
VisualStudioVersion = 16.0.31410.357
MinimumVisualStudioVersion = 10.0.40219.1
Project("{FAE04EC0-301F-11D3-BF4B-00C04F79EFBC}") = "Hashtables", "Hashtables\Hashtables.csproj", "{230A7A2A-0AED-4570-89E8-78D29E91EC2B}"
EndProject
Global
	GlobalSection(SolutionConfigurationPlatforms) = preSolution
		Debug|Any CPU = Debug|Any CPU
		Release|Any CPU = Release|Any CPU
	EndGlobalSection
	GlobalSection(ProjectConfigurationPlatforms) = postSolution
		{230A7A2A-0AED-4570-89E8-78D29E91EC2B}.Debug|Any CPU.ActiveCfg = Debug|Any CPU
		{230A7A2A-0AED-4570-89E8-78D29E91EC2B}.Debug|Any CPU.Build.0 = Debug|Any CPU
		{230A7A2A-0AED-4570-89E8-78D29E91EC2B}.Release|Any CPU.ActiveCfg = Release|Any CPU
		{230A7A2A-0AED-4570-89E8-78D29E91EC2B}.Release|Any CPU.Build.0 = Release|Any CPU
	EndGlobalSection
	GlobalSection(SolutionProperties) = preSolution
		HideSolutionNode = FALSE
	EndGlobalSection
	GlobalSection(ExtensibilityGlobals) = postSolution
		SolutionGuid = {299BC563-2157-459B-B4BF-90F0337DF989}
	EndGlobalSection
EndGlobal
